
Microsoft Visual Studio Solution File, Format Version 12.00
# Visual Studio 2012
Project("{2150E333-8FDC-42A3-9474-1A3956D46DE8}") = "WP7", "WP7", "{A12DE1CE-08F9-464F-AC89-4FBD839D5001}"
EndProject
Project("{2150E333-8FDC-42A3-9474-1A3956D46DE8}") = "WP7.1", "WP7.1", "{9646380E-F041-466E-B54D-7BEC8D35AD20}"
EndProject
Project("{2150E333-8FDC-42A3-9474-1A3956D46DE8}") = "Solution Items", "Solution Items", "{788AA40D-6393-4AAC-9286-07C5605947B3}"
EndProject
Project("{FAE04EC0-301F-11D3-BF4B-00C04F79EFBC}") = "PhoneyTools", "PhoneyTools\PhoneyTools.csproj", "{EDAE21BD-9396-4016-8E18-0BD10BE5DD53}"
EndProject
Project("{FAE04EC0-301F-11D3-BF4B-00C04F79EFBC}") = "PhoneyTools.Tests", "PhoneyTools.Tests\PhoneyTools.Tests.csproj", "{E9C6A34E-F4F0-44A1-A27D-6EBE2F532CA2}"
EndProject
Project("{FAE04EC0-301F-11D3-BF4B-00C04F79EFBC}") = "PhoneyTools.Example", "PhoneyTools.Example\PhoneyTools.Example.csproj", "{DCD0F09C-DF20-4206-BFA2-CC27BAE2BEEC}"
EndProject
Project("{FAE04EC0-301F-11D3-BF4B-00C04F79EFBC}") = "PhoneyTools.Microphone", "PhoneyTools.Microphone\PhoneyTools.Microphone.csproj", "{1C4C74DC-7B36-407A-BA6B-314DC4F0F178}"
EndProject
Project("{FAE04EC0-301F-11D3-BF4B-00C04F79EFBC}") = "PhoneyTools.Net", "PhoneyTools.Net\PhoneyTools.Net.csproj", "{E5FE513C-0C51-4C98-AE4C-3A34B8D9C82F}"
EndProject
Project("{FAE04EC0-301F-11D3-BF4B-00C04F79EFBC}") = "PhoneyTools.7.1", "7.1\PhoneyTools\PhoneyTools.7.1.csproj", "{499CE39D-5CAD-4170-B3D5-2F4F619108B1}"
EndProject
Project("{FAE04EC0-301F-11D3-BF4B-00C04F79EFBC}") = "PhoneyTools.Example.7.1", "7.1\PhoneyTools.Example\PhoneyTools.Example.7.1.csproj", "{ABEFDCEB-729A-46F1-B826-1D7020A38560}"
EndProject
Project("{FAE04EC0-301F-11D3-BF4B-00C04F79EFBC}") = "PhoneyTools.Net.7.1", "7.1\PhoneyTools.Net\PhoneyTools.Net.7.1.csproj", "{2BC7A633-D5D3-4271-887D-AD0DC0A29E15}"
EndProject
Project("{FAE04EC0-301F-11D3-BF4B-00C04F79EFBC}") = "PhoneyTools.Microphone.7.1", "7.1\PhoneyTools.Microphone\PhoneyTools.Microphone.7.1.csproj", "{02B1A518-A038-4BA9-AEE8-EEA0B53DFF25}"
EndProject
Global
	GlobalSection(SolutionConfigurationPlatforms) = preSolution
		Debug|Any CPU = Debug|Any CPU
		Release|Any CPU = Release|Any CPU
	EndGlobalSection
	GlobalSection(ProjectConfigurationPlatforms) = postSolution
		{EDAE21BD-9396-4016-8E18-0BD10BE5DD53}.Debug|Any CPU.ActiveCfg = Debug|Any CPU
		{EDAE21BD-9396-4016-8E18-0BD10BE5DD53}.Debug|Any CPU.Build.0 = Debug|Any CPU
		{EDAE21BD-9396-4016-8E18-0BD10BE5DD53}.Release|Any CPU.ActiveCfg = Release|Any CPU
		{EDAE21BD-9396-4016-8E18-0BD10BE5DD53}.Release|Any CPU.Build.0 = Release|Any CPU
		{E9C6A34E-F4F0-44A1-A27D-6EBE2F532CA2}.Debug|Any CPU.ActiveCfg = Debug|Any CPU
		{E9C6A34E-F4F0-44A1-A27D-6EBE2F532CA2}.Debug|Any CPU.Build.0 = Debug|Any CPU
		{E9C6A34E-F4F0-44A1-A27D-6EBE2F532CA2}.Release|Any CPU.ActiveCfg = Release|Any CPU
		{E9C6A34E-F4F0-44A1-A27D-6EBE2F532CA2}.Release|Any CPU.Build.0 = Release|Any CPU
		{DCD0F09C-DF20-4206-BFA2-CC27BAE2BEEC}.Debug|Any CPU.ActiveCfg = Debug|Any CPU
		{DCD0F09C-DF20-4206-BFA2-CC27BAE2BEEC}.Debug|Any CPU.Build.0 = Debug|Any CPU
		{DCD0F09C-DF20-4206-BFA2-CC27BAE2BEEC}.Release|Any CPU.ActiveCfg = Release|Any CPU
		{DCD0F09C-DF20-4206-BFA2-CC27BAE2BEEC}.Release|Any CPU.Build.0 = Release|Any CPU
		{DCD0F09C-DF20-4206-BFA2-CC27BAE2BEEC}.Release|Any CPU.Deploy.0 = Release|Any CPU
		{1C4C74DC-7B36-407A-BA6B-314DC4F0F178}.Debug|Any CPU.ActiveCfg = Debug|Any CPU
		{1C4C74DC-7B36-407A-BA6B-314DC4F0F178}.Debug|Any CPU.Build.0 = Debug|Any CPU
		{1C4C74DC-7B36-407A-BA6B-314DC4F0F178}.Release|Any CPU.ActiveCfg = Release|Any CPU
		{1C4C74DC-7B36-407A-BA6B-314DC4F0F178}.Release|Any CPU.Build.0 = Release|Any CPU
		{E5FE513C-0C51-4C98-AE4C-3A34B8D9C82F}.Debug|Any CPU.ActiveCfg = Debug|Any CPU
		{E5FE513C-0C51-4C98-AE4C-3A34B8D9C82F}.Debug|Any CPU.Build.0 = Debug|Any CPU
		{E5FE513C-0C51-4C98-AE4C-3A34B8D9C82F}.Release|Any CPU.ActiveCfg = Release|Any CPU
		{E5FE513C-0C51-4C98-AE4C-3A34B8D9C82F}.Release|Any CPU.Build.0 = Release|Any CPU
		{499CE39D-5CAD-4170-B3D5-2F4F619108B1}.Debug|Any CPU.ActiveCfg = Debug|Any CPU
		{499CE39D-5CAD-4170-B3D5-2F4F619108B1}.Debug|Any CPU.Build.0 = Debug|Any CPU
		{499CE39D-5CAD-4170-B3D5-2F4F619108B1}.Release|Any CPU.ActiveCfg = Release|Any CPU
		{499CE39D-5CAD-4170-B3D5-2F4F619108B1}.Release|Any CPU.Build.0 = Release|Any CPU
		{ABEFDCEB-729A-46F1-B826-1D7020A38560}.Debug|Any CPU.ActiveCfg = Debug|Any CPU
		{ABEFDCEB-729A-46F1-B826-1D7020A38560}.Debug|Any CPU.Build.0 = Debug|Any CPU
		{ABEFDCEB-729A-46F1-B826-1D7020A38560}.Debug|Any CPU.Deploy.0 = Debug|Any CPU
		{ABEFDCEB-729A-46F1-B826-1D7020A38560}.Release|Any CPU.ActiveCfg = Release|Any CPU
		{ABEFDCEB-729A-46F1-B826-1D7020A38560}.Release|Any CPU.Build.0 = Release|Any CPU
		{ABEFDCEB-729A-46F1-B826-1D7020A38560}.Release|Any CPU.Deploy.0 = Release|Any CPU
		{2BC7A633-D5D3-4271-887D-AD0DC0A29E15}.Debug|Any CPU.ActiveCfg = Debug|Any CPU
		{2BC7A633-D5D3-4271-887D-AD0DC0A29E15}.Debug|Any CPU.Build.0 = Debug|Any CPU
		{2BC7A633-D5D3-4271-887D-AD0DC0A29E15}.Release|Any CPU.ActiveCfg = Release|Any CPU
		{2BC7A633-D5D3-4271-887D-AD0DC0A29E15}.Release|Any CPU.Build.0 = Release|Any CPU
		{02B1A518-A038-4BA9-AEE8-EEA0B53DFF25}.Debug|Any CPU.ActiveCfg = Debug|Any CPU
		{02B1A518-A038-4BA9-AEE8-EEA0B53DFF25}.Debug|Any CPU.Build.0 = Debug|Any CPU
		{02B1A518-A038-4BA9-AEE8-EEA0B53DFF25}.Release|Any CPU.ActiveCfg = Release|Any CPU
		{02B1A518-A038-4BA9-AEE8-EEA0B53DFF25}.Release|Any CPU.Build.0 = Release|Any CPU
	EndGlobalSection
	GlobalSection(SolutionProperties) = preSolution
		HideSolutionNode = FALSE
	EndGlobalSection
	GlobalSection(NestedProjects) = preSolution
		{EDAE21BD-9396-4016-8E18-0BD10BE5DD53} = {A12DE1CE-08F9-464F-AC89-4FBD839D5001}
		{E9C6A34E-F4F0-44A1-A27D-6EBE2F532CA2} = {A12DE1CE-08F9-464F-AC89-4FBD839D5001}
		{DCD0F09C-DF20-4206-BFA2-CC27BAE2BEEC} = {A12DE1CE-08F9-464F-AC89-4FBD839D5001}
		{1C4C74DC-7B36-407A-BA6B-314DC4F0F178} = {A12DE1CE-08F9-464F-AC89-4FBD839D5001}
		{E5FE513C-0C51-4C98-AE4C-3A34B8D9C82F} = {A12DE1CE-08F9-464F-AC89-4FBD839D5001}
		{499CE39D-5CAD-4170-B3D5-2F4F619108B1} = {9646380E-F041-466E-B54D-7BEC8D35AD20}
		{ABEFDCEB-729A-46F1-B826-1D7020A38560} = {9646380E-F041-466E-B54D-7BEC8D35AD20}
		{2BC7A633-D5D3-4271-887D-AD0DC0A29E15} = {9646380E-F041-466E-B54D-7BEC8D35AD20}
		{02B1A518-A038-4BA9-AEE8-EEA0B53DFF25} = {9646380E-F041-466E-B54D-7BEC8D35AD20}
	EndGlobalSection
EndGlobal
